
Microsoft Visual Studio Solution File, Format Version 12.00
# Visual Studio Version 17
VisualStudioVersion = 17.9.34607.119
MinimumVisualStudioVersion = 10.0.40219.1
Project("{9A19103F-16F7-4668-BE54-9A1E7A4F7556}") = "VehicleManagement", "VehicleManagement\VehicleManagement.csproj", "{D5FDB5BB-7F9C-4E59-B334-70E8F5F7964B}"
EndProject
Project("{9A19103F-16F7-4668-BE54-9A1E7A4F7556}") = "Shared", "Shared\Shared.csproj", "{21503440-29DE-400D-B189-0CECE09B53D5}"
EndProject
Project("{9A19103F-16F7-4668-BE54-9A1E7A4F7556}") = "FleetManagement", "FleetManagement\FleetManagement.csproj", "{ED76672F-4460-4E6F-A86A-2EE9864B28E0}"
EndProject
Global
	GlobalSection(SolutionConfigurationPlatforms) = preSolution
		Debug|Any CPU = Debug|Any CPU
		Release|Any CPU = Release|Any CPU
	EndGlobalSection
	GlobalSection(ProjectConfigurationPlatforms) = postSolution
		{D5FDB5BB-7F9C-4E59-B334-70E8F5F7964B}.Debug|Any CPU.ActiveCfg = Debug|Any CPU
		{D5FDB5BB-7F9C-4E59-B334-70E8F5F7964B}.Debug|Any CPU.Build.0 = Debug|Any CPU
		{D5FDB5BB-7F9C-4E59-B334-70E8F5F7964B}.Release|Any CPU.ActiveCfg = Release|Any CPU
		{D5FDB5BB-7F9C-4E59-B334-70E8F5F7964B}.Release|Any CPU.Build.0 = Release|Any CPU
		{21503440-29DE-400D-B189-0CECE09B53D5}.Debug|Any CPU.ActiveCfg = Debug|Any CPU
		{21503440-29DE-400D-B189-0CECE09B53D5}.Debug|Any CPU.Build.0 = Debug|Any CPU
		{21503440-29DE-400D-B189-0CECE09B53D5}.Release|Any CPU.ActiveCfg = Release|Any CPU
		{21503440-29DE-400D-B189-0CECE09B53D5}.Release|Any CPU.Build.0 = Release|Any CPU
		{ED76672F-4460-4E6F-A86A-2EE9864B28E0}.Debug|Any CPU.ActiveCfg = Debug|Any CPU
		{ED76672F-4460-4E6F-A86A-2EE9864B28E0}.Debug|Any CPU.Build.0 = Debug|Any CPU
		{ED76672F-4460-4E6F-A86A-2EE9864B28E0}.Release|Any CPU.ActiveCfg = Release|Any CPU
		{ED76672F-4460-4E6F-A86A-2EE9864B28E0}.Release|Any CPU.Build.0 = Release|Any CPU
	EndGlobalSection
	GlobalSection(SolutionProperties) = preSolution
		HideSolutionNode = FALSE
	EndGlobalSection
	GlobalSection(ExtensibilityGlobals) = postSolution
		SolutionGuid = {313C3BEC-2CAC-4BA5-8B72-13DA4AE7A25F}
	EndGlobalSection
EndGlobal
